// !$*UTF8*$!
{
	archiveVersion = 1;
	classes = {
	};
	objectVersion = 46;
	objects = {

/* Begin PBXBuildFile section */
		3408DF361CF717CE005DA044 /* main.m in Sources */ = {isa = PBXBuildFile; fileRef = 3408DF351CF717CE005DA044 /* main.m */; };
		3408DF391CF717CE005DA044 /* AppDelegate.m in Sources */ = {isa = PBXBuildFile; fileRef = 3408DF381CF717CE005DA044 /* AppDelegate.m */; };
		3408DF3C1CF717CE005DA044 /* ViewController.m in Sources */ = {isa = PBXBuildFile; fileRef = 3408DF3B1CF717CE005DA044 /* ViewController.m */; };
		3408DF3F1CF717CE005DA044 /* Main.storyboard in Resources */ = {isa = PBXBuildFile; fileRef = 3408DF3D1CF717CE005DA044 /* Main.storyboard */; };
		3408DF411CF717CE005DA044 /* Assets.xcassets in Resources */ = {isa = PBXBuildFile; fileRef = 3408DF401CF717CE005DA044 /* Assets.xcassets */; };
		3408DF441CF717CE005DA044 /* LaunchScreen.storyboard in Resources */ = {isa = PBXBuildFile; fileRef = 3408DF421CF717CE005DA044 /* LaunchScreen.storyboard */; };
/* End PBXBuildFile section */

/* Begin PBXFileReference section */
		3408DF311CF717CE005DA044 /* YYYYYYY.app */ = {isa = PBXFileReference; explicitFileType = wrapper.application; includeInIndex = 0; path = YYYYYYY.app; sourceTree = BUILT_PRODUCTS_DIR; };
		3408DF351CF717CE005DA044 /* main.m */ = {isa = PBXFileReference; lastKnownFileType = sourcecode.c.objc; path = main.m; sourceTree = "<group>"; };
		3408DF371CF717CE005DA044 /* AppDelegate.h */ = {isa = PBXFileReference; lastKnownFileType = sourcecode.c.h; path = AppDelegate.h; sourceTree = "<group>"; };
		3408DF381CF717CE005DA044 /* AppDelegate.m */ = {isa = PBXFileReference; lastKnownFileType = sourcecode.c.objc; path = AppDelegate.m; sourceTree = "<group>"; };
		3408DF3A1CF717CE005DA044 /* ViewController.h */ = {isa = PBXFileReference; lastKnownFileType = sourcecode.c.h; path = ViewController.h; sourceTree = "<group>"; };
		3408DF3B1CF717CE005DA044 /* ViewController.m */ = {isa = PBXFileReference; lastKnownFileType = sourcecode.c.objc; path = ViewController.m; sourceTree = "<group>"; };
		3408DF3E1CF717CE005DA044 /* Base */ = {isa = PBXFileReference; lastKnownFileType = file.storyboard; name = Base; path = Base.lproj/Main.storyboard; sourceTree = "<group>"; };
		3408DF401CF717CE005DA044 /* Assets.xcassets */ = {isa = PBXFileReference; lastKnownFileType = folder.assetcatalog; path = Assets.xcassets; sourceTree = "<group>"; };
		3408DF431CF717CE005DA044 /* Base */ = {isa = PBXFileReference; lastKnownFileType = file.storyboard; name = Base; path = Base.lproj/LaunchScreen.storyboard; sourceTree = "<group>"; };
		3408DF451CF717CE005DA044 /* Info.plist */ = {isa = PBXFileReference; lastKnownFileType = text.plist.xml; path = Info.plist; sourceTree = "<group>"; };
/* End PBXFileReference section */

/* Begin PBXFrameworksBuildPhase section */
		3408DF2E1CF717CE005DA044 /* Frameworks */ = {
			isa = PBXFrameworksBuildPhase;
			buildActionMask = 2147483647;
			files = (
			);
			runOnlyForDeploymentPostprocessing = 0;
		};
/* End PBXFrameworksBuildPhase section */

/* Begin PBXGroup section */
		3408DF281CF717CE005DA044 = {
			isa = PBXGroup;
			children = (
				3408DF331CF717CE005DA044 /* YYYYYYY */,
				3408DF321CF717CE005DA044 /* Products */,
			);
			sourceTree = "<group>";
		};
		3408DF321CF717CE005DA044 /* Products */ = {
			isa = PBXGroup;
			children = (
				3408DF311CF717CE005DA044 /* YYYYYYY.app */,
			);
			name = Products;
			sourceTree = "<group>";
		};
		3408DF331CF717CE005DA044 /* YYYYYYY */ = {
			isa = PBXGroup;
			children = (
				3408DF371CF717CE005DA044 /* AppDelegate.h */,
				3408DF381CF717CE005DA044 /* AppDelegate.m */,
				3408DF3A1CF717CE005DA044 /* ViewController.h */,
				3408DF3B1CF717CE005DA044 /* ViewController.m */,
				3408DF3D1CF717CE005DA044 /* Main.storyboard */,
				3408DF401CF717CE005DA044 /* Assets.xcassets */,
				3408DF421CF717CE005DA044 /* LaunchScreen.storyboard */,
				3408DF451CF717CE005DA044 /* Info.plist */,
				3408DF341CF717CE005DA044 /* Supporting Files */,
			);
			path = YYYYYYY;
			sourceTree = "<group>";
		};
		3408DF341CF717CE005DA044 /* Supporting Files */ = {
			isa = PBXGroup;
			children = (
				3408DF351CF717CE005DA044 /* main.m */,
			);
			name = "Supporting Files";
			sourceTree = "<group>";
		};
/* End PBXGroup section */

/* Begin PBXNativeTarget section */
		3408DF301CF717CE005DA044 /* YYYYYYY */ = {
			isa = PBXNativeTarget;
			buildConfigurationList = 3408DF481CF717CE005DA044 /* Build configuration list for PBXNativeTarget "YYYYYYY" */;
			buildPhases = (
				3408DF2D1CF717CE005DA044 /* Sources */,
				3408DF2E1CF717CE005DA044 /* Frameworks */,
				3408DF2F1CF717CE005DA044 /* Resources */,
			);
			buildRules = (
			);
			dependencies = (
			);
			name = YYYYYYY;
			productName = YYYYYYY;
			productReference = 3408DF311CF717CE005DA044 /* YYYYYYY.app */;
			productType = "com.apple.product-type.application";
		};
/* End PBXNativeTarget section */

/* Begin PBXProject section */
		3408DF291CF717CE005DA044 /* Project object */ = {
			isa = PBXProject;
			attributes = {
				LastUpgradeCheck = 0720;
				ORGANIZATIONNAME = "王鹏飞";
				TargetAttributes = {
					3408DF301CF717CE005DA044 = {
						CreatedOnToolsVersion = 7.2;
						DevelopmentTeam = 8Y4NW76L7L;
					};
				};
			};
			buildConfigurationList = 3408DF2C1CF717CE005DA044 /* Build configuration list for PBXProject "YYYYYYY" */;
			compatibilityVersion = "Xcode 3.2";
			developmentRegion = English;
			hasScannedForEncodings = 0;
			knownRegions = (
				en,
				Base,
			);
			mainGroup = 3408DF281CF717CE005DA044;
			productRefGroup = 3408DF321CF717CE005DA044 /* Products */;
			projectDirPath = "";
			projectRoot = "";
			targets = (
				3408DF301CF717CE005DA044 /* YYYYYYY */,
			);
		};
/* End PBXProject section */

/* Begin PBXResourcesBuildPhase section */
		3408DF2F1CF717CE005DA044 /* Resources */ = {
			isa = PBXResourcesBuildPhase;
			buildActionMask = 2147483647;
			files = (
				3408DF441CF717CE005DA044 /* LaunchScreen.storyboard in Resources */,
				3408DF411CF717CE005DA044 /* Assets.xcassets in Resources */,
				3408DF3F1CF717CE005DA044 /* Main.storyboard in Resources */,
			);
			runOnlyForDeploymentPostprocessing = 0;
		};
/* End PBXResourcesBuildPhase section */

/* Begin PBXSourcesBuildPhase section */
		3408DF2D1CF717CE005DA044 /* Sources */ = {
			isa = PBXSourcesBuildPhase;
			buildActionMask = 2147483647;
			files = (
				3408DF3C1CF717CE005DA044 /* ViewController.m in Sources */,
				3408DF391CF717CE005DA044 /* AppDelegate.m in Sources */,
				3408DF361CF717CE005DA044 /* main.m in Sources */,
			);
			runOnlyForDeploymentPostprocessing = 0;
		};
/* End PBXSourcesBuildPhase section */

/* Begin PBXVariantGroup section */
		3408DF3D1CF717CE005DA044 /* Main.storyboard */ = {
			isa = PBXVariantGroup;
			children = (
				3408DF3E1CF717CE005DA044 /* Base */,
			);
			name = Main.storyboard;
			sourceTree = "<group>";
		};
		3408DF421CF717CE005DA044 /* LaunchScreen.storyboard */ = {
			isa = PBXVariantGroup;
			children = (
				3408DF431CF717CE005DA044 /* Base */,
			);
			name = LaunchScreen.storyboard;
			sourceTree = "<group>";
		};
/* End PBXVariantGroup section */

/* Begin XCBuildConfiguration section */
		3408DF461CF717CE005DA044 /* Debug */ = {
			isa = XCBuildConfiguration;
			buildSettings = {
				ALWAYS_SEARCH_USER_PATHS = NO;
				CLANG_CXX_LANGUAGE_STANDARD = "gnu++0x";
				CLANG_CXX_LIBRARY = "libc++";
				CLANG_ENABLE_MODULES = YES;
				CLANG_ENABLE_OBJC_ARC = YES;
				CLANG_WARN_BOOL_CONVERSION = YES;
				CLANG_WARN_CONSTANT_CONVERSION = YES;
				CLANG_WARN_DIRECT_OBJC_ISA_USAGE = YES_ERROR;
				CLANG_WARN_EMPTY_BODY = YES;
				CLANG_WARN_ENUM_CONVERSION = YES;
				CLANG_WARN_INT_CONVERSION = YES;
				CLANG_WARN_OBJC_ROOT_CLASS = YES_ERROR;
				CLANG_WARN_UNREACHABLE_CODE = YES;
				CLANG_WARN__DUPLICATE_METHOD_MATCH = YES;
				"CODE_SIGN_IDENTITY[sdk=iphoneos*]" = "iPhone Developer";
				COPY_PHASE_STRIP = NO;
				DEBUG_INFORMATION_FORMAT = dwarf;
				ENABLE_STRICT_OBJC_MSGSEND = YES;
				ENABLE_TESTABILITY = YES;
				GCC_C_LANGUAGE_STANDARD = gnu99;
				GCC_DYNAMIC_NO_PIC = NO;
				GCC_NO_COMMON_BLOCKS = YES;
				GCC_OPTIMIZATION_LEVEL = 0;
				GCC_PREPROCESSOR_DEFINITIONS = (
					"DEBUG=1",
					"$(inherited)",
				);
				GCC_WARN_64_TO_32_BIT_CONVERSION = YES;
				GCC_WARN_ABOUT_RETURN_TYPE = YES_ERROR;
				GCC_WARN_UNDECLARED_SELECTOR = YES;
				GCC_WARN_UNINITIALIZED_AUTOS = YES_AGGRESSIVE;
				GCC_WARN_UNUSED_FUNCTION = YES;
				GCC_WARN_UNUSED_VARIABLE = YES;
				IPHONEOS_DEPLOYMENT_TARGET = 9.2;
				MTL_ENABLE_DEBUG_INFO = YES;
				ONLY_ACTIVE_ARCH = YES;
				SDKROOT = iphoneos;
			};
			name = Debug;
		};
		3408DF471CF717CE005DA044 /* Release */ = {
			isa = XCBuildConfiguration;
			buildSettings = {
				ALWAYS_SEARCH_USER_PATHS = NO;
				CLANG_CXX_LANGUAGE_STANDARD = "gnu++0x";
				CLANG_CXX_LIBRARY = "libc++";
				CLANG_ENABLE_MODULES = YES;
				CLANG_ENABLE_OBJC_ARC = YES;
				CLANG_WARN_BOOL_CONVERSION = YES;
				CLANG_WARN_CONSTANT_CONVERSION = YES;
				CLANG_WARN_DIRECT_OBJC_ISA_USAGE = YES_ERROR;
				CLANG_WARN_EMPTY_BODY = YES;
				CLANG_WARN_ENUM_CONVERSION = YES;
				CLANG_WARN_INT_CONVERSION = YES;
				CLANG_WARN_OBJC_ROOT_CLASS = YES_ERROR;
				CLANG_WARN_UNREACHABLE_CODE = YES;
				CLANG_WARN__DUPLICATE_METHOD_MATCH = YES;
				"CODE_SIGN_IDENTITY[sdk=iphoneos*]" = "iPhone Developer";
				COPY_PHASE_STRIP = NO;
				DEBUG_INFORMATION_FORMAT = "dwarf-with-dsym";
				ENABLE_NS_ASSERTIONS = NO;
				ENABLE_STRICT_OBJC_MSGSEND = YES;
				GCC_C_LANGUAGE_STANDARD = gnu99;
				GCC_NO_COMMON_BLOCKS = YES;
				GCC_WARN_64_TO_32_BIT_CONVERSION = YES;
				GCC_WARN_ABOUT_RETURN_TYPE = YES_ERROR;
				GCC_WARN_UNDECLARED_SELECTOR = YES;
				GCC_WARN_UNINITIALIZED_AUTOS = YES_AGGRESSIVE;
				GCC_WARN_UNUSED_FUNCTION = YES;
				GCC_WARN_UNUSED_VARIABLE = YES;
				IPHONEOS_DEPLOYMENT_TARGET = 9.2;
				MTL_ENABLE_DEBUG_INFO = NO;
				SDKROOT = iphoneos;
				VALIDATE_PRODUCT = YES;
			};
			name = Release;
		};
		3408DF491CF717CE005DA044 /* Debug */ = {
			isa = XCBuildConfiguration;
			buildSettings = {
				ASSETCATALOG_COMPILER_APPICON_NAME = AppIcon;
				INFOPLIST_FILE = YYYYYYY/Info.plist;
				LD_RUNPATH_SEARCH_PATHS = "$(inherited) @executable_path/Frameworks";
				PRODUCT_BUNDLE_IDENTIFIER = com.lanou3g.YYYYYYY;
				PRODUCT_NAME = "$(TARGET_NAME)";
			};
			name = Debug;
		};
		3408DF4A1CF717CE005DA044 /* Release */ = {
			isa = XCBuildConfiguration;
			buildSettings = {
				ASSETCATALOG_COMPILER_APPICON_NAME = AppIcon;
				INFOPLIST_FILE = YYYYYYY/Info.plist;
				LD_RUNPATH_SEARCH_PATHS = "$(inherited) @executable_path/Frameworks";
				PRODUCT_BUNDLE_IDENTIFIER = com.lanou3g.YYYYYYY;
				PRODUCT_NAME = "$(TARGET_NAME)";
			};
			name = Release;
		};
/* End XCBuildConfiguration section */

/* Begin XCConfigurationList section */
		3408DF2C1CF717CE005DA044 /* Build configuration list for PBXProject "YYYYYYY" */ = {
			isa = XCConfigurationList;
			buildConfigurations = (
				3408DF461CF717CE005DA044 /* Debug */,
				3408DF471CF717CE005DA044 /* Release */,
			);
			defaultConfigurationIsVisible = 0;
			defaultConfigurationName = Release;
		};
		3408DF481CF717CE005DA044 /* Build configuration list for PBXNativeTarget "YYYYYYY" */ = {
			isa = XCConfigurationList;
			buildConfigurations = (
				3408DF491CF717CE005DA044 /* Debug */,
				3408DF4A1CF717CE005DA044 /* Release */,
			);
			defaultConfigurationIsVisible = 0;
		};
/* End XCConfigurationList section */
	};
	rootObject = 3408DF291CF717CE005DA044 /* Project object */;
}
